
Microsoft Visual Studio Solution File, Format Version 12.00
# Visual Studio 15
VisualStudioVersion = 15.0.26124.0
MinimumVisualStudioVersion = 15.0.26124.0
Project("{2150E333-8FDC-42A3-9474-1A3956D46DE8}") = "src", "src", "{3A2A15C6-3EF7-4DFF-99C2-C23B4962FF2B}"
EndProject
Project("{FAE04EC0-301F-11D3-BF4B-00C04F79EFBC}") = "CurrencyConverter.Data", "src\CurrencyConverter.Data\CurrencyConverter.Data.csproj", "{B8C5CA93-0B5F-4197-A48A-5CB9A184CB3C}"
EndProject
Project("{FAE04EC0-301F-11D3-BF4B-00C04F79EFBC}") = "CurrencyConverter.UI", "src\CurrencyConverter.UI\CurrencyConverter.UI.csproj", "{994F551F-AA8C-4940-A5E1-7D39B2C0CFA1}"
EndProject
Project("{FAE04EC0-301F-11D3-BF4B-00C04F79EFBC}") = "CurrencyConverter.Core", "src\CurrencyConverter.Core\CurrencyConverter.Core.csproj", "{65A28878-59FF-41FC-8A77-63729069D3CA}"
EndProject
Global
	GlobalSection(SolutionProperties) = preSolution
		HideSolutionNode = FALSE
	EndGlobalSection
	GlobalSection(SolutionConfigurationPlatforms) = preSolution
		Debug|Any CPU = Debug|Any CPU
		Debug|x64 = Debug|x64
		Debug|x86 = Debug|x86
		Release|Any CPU = Release|Any CPU
		Release|x64 = Release|x64
		Release|x86 = Release|x86
	EndGlobalSection
	GlobalSection(ProjectConfigurationPlatforms) = postSolution
		{B8C5CA93-0B5F-4197-A48A-5CB9A184CB3C}.Debug|Any CPU.ActiveCfg = Debug|Any CPU
		{B8C5CA93-0B5F-4197-A48A-5CB9A184CB3C}.Debug|Any CPU.Build.0 = Debug|Any CPU
		{B8C5CA93-0B5F-4197-A48A-5CB9A184CB3C}.Debug|x64.ActiveCfg = Debug|Any CPU
		{B8C5CA93-0B5F-4197-A48A-5CB9A184CB3C}.Debug|x64.Build.0 = Debug|Any CPU
		{B8C5CA93-0B5F-4197-A48A-5CB9A184CB3C}.Debug|x86.ActiveCfg = Debug|Any CPU
		{B8C5CA93-0B5F-4197-A48A-5CB9A184CB3C}.Debug|x86.Build.0 = Debug|Any CPU
		{B8C5CA93-0B5F-4197-A48A-5CB9A184CB3C}.Release|Any CPU.ActiveCfg = Release|Any CPU
		{B8C5CA93-0B5F-4197-A48A-5CB9A184CB3C}.Release|Any CPU.Build.0 = Release|Any CPU
		{B8C5CA93-0B5F-4197-A48A-5CB9A184CB3C}.Release|x64.ActiveCfg = Release|Any CPU
		{B8C5CA93-0B5F-4197-A48A-5CB9A184CB3C}.Release|x64.Build.0 = Release|Any CPU
		{B8C5CA93-0B5F-4197-A48A-5CB9A184CB3C}.Release|x86.ActiveCfg = Release|Any CPU
		{B8C5CA93-0B5F-4197-A48A-5CB9A184CB3C}.Release|x86.Build.0 = Release|Any CPU
		{994F551F-AA8C-4940-A5E1-7D39B2C0CFA1}.Debug|Any CPU.ActiveCfg = Debug|Any CPU
		{994F551F-AA8C-4940-A5E1-7D39B2C0CFA1}.Debug|Any CPU.Build.0 = Debug|Any CPU
		{994F551F-AA8C-4940-A5E1-7D39B2C0CFA1}.Debug|x64.ActiveCfg = Debug|Any CPU
		{994F551F-AA8C-4940-A5E1-7D39B2C0CFA1}.Debug|x64.Build.0 = Debug|Any CPU
		{994F551F-AA8C-4940-A5E1-7D39B2C0CFA1}.Debug|x86.ActiveCfg = Debug|Any CPU
		{994F551F-AA8C-4940-A5E1-7D39B2C0CFA1}.Debug|x86.Build.0 = Debug|Any CPU
		{994F551F-AA8C-4940-A5E1-7D39B2C0CFA1}.Release|Any CPU.ActiveCfg = Release|Any CPU
		{994F551F-AA8C-4940-A5E1-7D39B2C0CFA1}.Release|Any CPU.Build.0 = Release|Any CPU
		{994F551F-AA8C-4940-A5E1-7D39B2C0CFA1}.Release|x64.ActiveCfg = Release|Any CPU
		{994F551F-AA8C-4940-A5E1-7D39B2C0CFA1}.Release|x64.Build.0 = Release|Any CPU
		{994F551F-AA8C-4940-A5E1-7D39B2C0CFA1}.Release|x86.ActiveCfg = Release|Any CPU
		{994F551F-AA8C-4940-A5E1-7D39B2C0CFA1}.Release|x86.Build.0 = Release|Any CPU
		{65A28878-59FF-41FC-8A77-63729069D3CA}.Debug|Any CPU.ActiveCfg = Debug|Any CPU
		{65A28878-59FF-41FC-8A77-63729069D3CA}.Debug|Any CPU.Build.0 = Debug|Any CPU
		{65A28878-59FF-41FC-8A77-63729069D3CA}.Debug|x64.ActiveCfg = Debug|Any CPU
		{65A28878-59FF-41FC-8A77-63729069D3CA}.Debug|x64.Build.0 = Debug|Any CPU
		{65A28878-59FF-41FC-8A77-63729069D3CA}.Debug|x86.ActiveCfg = Debug|Any CPU
		{65A28878-59FF-41FC-8A77-63729069D3CA}.Debug|x86.Build.0 = Debug|Any CPU
		{65A28878-59FF-41FC-8A77-63729069D3CA}.Release|Any CPU.ActiveCfg = Release|Any CPU
		{65A28878-59FF-41FC-8A77-63729069D3CA}.Release|Any CPU.Build.0 = Release|Any CPU
		{65A28878-59FF-41FC-8A77-63729069D3CA}.Release|x64.ActiveCfg = Release|Any CPU
		{65A28878-59FF-41FC-8A77-63729069D3CA}.Release|x64.Build.0 = Release|Any CPU
		{65A28878-59FF-41FC-8A77-63729069D3CA}.Release|x86.ActiveCfg = Release|Any CPU
		{65A28878-59FF-41FC-8A77-63729069D3CA}.Release|x86.Build.0 = Release|Any CPU
	EndGlobalSection
	GlobalSection(NestedProjects) = preSolution
		{B8C5CA93-0B5F-4197-A48A-5CB9A184CB3C} = {3A2A15C6-3EF7-4DFF-99C2-C23B4962FF2B}
		{994F551F-AA8C-4940-A5E1-7D39B2C0CFA1} = {3A2A15C6-3EF7-4DFF-99C2-C23B4962FF2B}
		{65A28878-59FF-41FC-8A77-63729069D3CA} = {3A2A15C6-3EF7-4DFF-99C2-C23B4962FF2B}
	EndGlobalSection
EndGlobal
